// !$*UTF8*$!
{
	archiveVersion = 1;
	classes = {
	};
	objectVersion = 56;
	objects = {

/* Begin PBXBuildFile section */
		27472C182B81779F009FE5B4 /* Constant.swift in Sources */ = {isa = PBXBuildFile; fileRef = 27472C172B81779F009FE5B4 /* Constant.swift */; };
		27472C1C2B8192BD009FE5B4 /* HeightKeyboardEXT.swift in Sources */ = {isa = PBXBuildFile; fileRef = 27472C1B2B8192BD009FE5B4 /* HeightKeyboardEXT.swift */; };
		27472C1E2B81A1E0009FE5B4 /* BackgroundImageView.swift in Sources */ = {isa = PBXBuildFile; fileRef = 27472C1D2B81A1E0009FE5B4 /* BackgroundImageView.swift */; };
		274D5C682B84176300B81746 /* ListRowItemView.swift in Sources */ = {isa = PBXBuildFile; fileRef = 274D5C672B84176300B81746 /* ListRowItemView.swift */; };
		274D5C6A2B841BB300B81746 /* CheckboxStyle.swift in Sources */ = {isa = PBXBuildFile; fileRef = 274D5C692B841BB300B81746 /* CheckboxStyle.swift */; };
		27586B9B2B95C36300BC37F6 /* SoundPlayer.swift in Sources */ = {isa = PBXBuildFile; fileRef = 27586B9A2B95C36300BC37F6 /* SoundPlayer.swift */; };
		275ACCD42B7EB7BC00E7ACAC /* sound-tap.mp3 in Resources */ = {isa = PBXBuildFile; fileRef = 275ACCD12B7EB7BC00E7ACAC /* sound-tap.mp3 */; };
		275ACCD52B7EB7BC00E7ACAC /* sound-ding.mp3 in Resources */ = {isa = PBXBuildFile; fileRef = 275ACCD22B7EB7BC00E7ACAC /* sound-ding.mp3 */; };
		275ACCD62B7EB7BC00E7ACAC /* sound-rise.mp3 in Resources */ = {isa = PBXBuildFile; fileRef = 275ACCD32B7EB7BC00E7ACAC /* sound-rise.mp3 */; };
		27E78FFC2B82C7E200C228F9 /* NewTaskItemView.swift in Sources */ = {isa = PBXBuildFile; fileRef = 27E78FFB2B82C7E200C228F9 /* NewTaskItemView.swift */; };
		27E78FFE2B82D0F700C228F9 /* BlankView.swift in Sources */ = {isa = PBXBuildFile; fileRef = 27E78FFD2B82D0F700C228F9 /* BlankView.swift */; };
		27EC5CFF2B7EB5FA00A38B8B /* TaskGoApp.swift in Sources */ = {isa = PBXBuildFile; fileRef = 27EC5CFE2B7EB5FA00A38B8B /* TaskGoApp.swift */; };
		27EC5D012B7EB5FA00A38B8B /* ContentView.swift in Sources */ = {isa = PBXBuildFile; fileRef = 27EC5D002B7EB5FA00A38B8B /* ContentView.swift */; };
		27EC5D032B7EB5FB00A38B8B /* Assets.xcassets in Resources */ = {isa = PBXBuildFile; fileRef = 27EC5D022B7EB5FB00A38B8B /* Assets.xcassets */; };
		27EC5D062B7EB5FB00A38B8B /* Preview Assets.xcassets in Resources */ = {isa = PBXBuildFile; fileRef = 27EC5D052B7EB5FB00A38B8B /* Preview Assets.xcassets */; };
		27EC5D082B7EB5FB00A38B8B /* Persistence.swift in Sources */ = {isa = PBXBuildFile; fileRef = 27EC5D072B7EB5FB00A38B8B /* Persistence.swift */; };
		27EC5D0B2B7EB5FB00A38B8B /* TaskGo.xcdatamodeld in Sources */ = {isa = PBXBuildFile; fileRef = 27EC5D092B7EB5FB00A38B8B /* TaskGo.xcdatamodeld */; };
/* End PBXBuildFile section */

/* Begin PBXFileReference section */
		27472C172B81779F009FE5B4 /* Constant.swift */ = {isa = PBXFileReference; lastKnownFileType = sourcecode.swift; path = Constant.swift; sourceTree = "<group>"; };
		27472C1B2B8192BD009FE5B4 /* HeightKeyboardEXT.swift */ = {isa = PBXFileReference; lastKnownFileType = sourcecode.swift; path = HeightKeyboardEXT.swift; sourceTree = "<group>"; };
		27472C1D2B81A1E0009FE5B4 /* BackgroundImageView.swift */ = {isa = PBXFileReference; lastKnownFileType = sourcecode.swift; path = BackgroundImageView.swift; sourceTree = "<group>"; };
		274D5C672B84176300B81746 /* ListRowItemView.swift */ = {isa = PBXFileReference; lastKnownFileType = sourcecode.swift; path = ListRowItemView.swift; sourceTree = "<group>"; };
		274D5C692B841BB300B81746 /* CheckboxStyle.swift */ = {isa = PBXFileReference; lastKnownFileType = sourcecode.swift; path = CheckboxStyle.swift; sourceTree = "<group>"; };
		27586B9A2B95C36300BC37F6 /* SoundPlayer.swift */ = {isa = PBXFileReference; lastKnownFileType = sourcecode.swift; path = SoundPlayer.swift; sourceTree = "<group>"; };
		275ACCD12B7EB7BC00E7ACAC /* sound-tap.mp3 */ = {isa = PBXFileReference; lastKnownFileType = audio.mp3; path = "sound-tap.mp3"; sourceTree = "<group>"; };
		275ACCD22B7EB7BC00E7ACAC /* sound-ding.mp3 */ = {isa = PBXFileReference; lastKnownFileType = audio.mp3; path = "sound-ding.mp3"; sourceTree = "<group>"; };
		275ACCD32B7EB7BC00E7ACAC /* sound-rise.mp3 */ = {isa = PBXFileReference; lastKnownFileType = audio.mp3; path = "sound-rise.mp3"; sourceTree = "<group>"; };
		275ACCDD2B7EB8E000E7ACAC /* Info.plist */ = {isa = PBXFileReference; lastKnownFileType = text.plist; path = Info.plist; sourceTree = "<group>"; };
		27E78FFB2B82C7E200C228F9 /* NewTaskItemView.swift */ = {isa = PBXFileReference; lastKnownFileType = sourcecode.swift; path = NewTaskItemView.swift; sourceTree = "<group>"; };
		27E78FFD2B82D0F700C228F9 /* BlankView.swift */ = {isa = PBXFileReference; lastKnownFileType = sourcecode.swift; path = BlankView.swift; sourceTree = "<group>"; };
		27EC5CFB2B7EB5FA00A38B8B /* TaskGo.app */ = {isa = PBXFileReference; explicitFileType = wrapper.application; includeInIndex = 0; path = TaskGo.app; sourceTree = BUILT_PRODUCTS_DIR; };
		27EC5CFE2B7EB5FA00A38B8B /* TaskGoApp.swift */ = {isa = PBXFileReference; lastKnownFileType = sourcecode.swift; path = TaskGoApp.swift; sourceTree = "<group>"; };
		27EC5D002B7EB5FA00A38B8B /* ContentView.swift */ = {isa = PBXFileReference; lastKnownFileType = sourcecode.swift; path = ContentView.swift; sourceTree = "<group>"; };
		27EC5D022B7EB5FB00A38B8B /* Assets.xcassets */ = {isa = PBXFileReference; lastKnownFileType = folder.assetcatalog; path = Assets.xcassets; sourceTree = "<group>"; };
		27EC5D052B7EB5FB00A38B8B /* Preview Assets.xcassets */ = {isa = PBXFileReference; lastKnownFileType = folder.assetcatalog; path = "Preview Assets.xcassets"; sourceTree = "<group>"; };
		27EC5D072B7EB5FB00A38B8B /* Persistence.swift */ = {isa = PBXFileReference; lastKnownFileType = sourcecode.swift; path = Persistence.swift; sourceTree = "<group>"; };
		27EC5D0A2B7EB5FB00A38B8B /* TaskGo.xcdatamodel */ = {isa = PBXFileReference; lastKnownFileType = wrapper.xcdatamodel; path = TaskGo.xcdatamodel; sourceTree = "<group>"; };
/* End PBXFileReference section */

/* Begin PBXFrameworksBuildPhase section */
		27EC5CF82B7EB5FA00A38B8B /* Frameworks */ = {
			isa = PBXFrameworksBuildPhase;
			buildActionMask = 2147483647;
			files = (
			);
			runOnlyForDeploymentPostprocessing = 0;
		};
/* End PBXFrameworksBuildPhase section */

/* Begin PBXGroup section */
		275ACCD72B7EB7E700E7ACAC /* Sound */ = {
			isa = PBXGroup;
			children = (
				275ACCD22B7EB7BC00E7ACAC /* sound-ding.mp3 */,
				275ACCD32B7EB7BC00E7ACAC /* sound-rise.mp3 */,
				275ACCD12B7EB7BC00E7ACAC /* sound-tap.mp3 */,
			);
			path = Sound;
			sourceTree = "<group>";
		};
		275ACCD82B7EB7FA00E7ACAC /* View */ = {
			isa = PBXGroup;
			children = (
				27EC5D002B7EB5FA00A38B8B /* ContentView.swift */,
				27472C1D2B81A1E0009FE5B4 /* BackgroundImageView.swift */,
				27E78FFB2B82C7E200C228F9 /* NewTaskItemView.swift */,
				27E78FFD2B82D0F700C228F9 /* BlankView.swift */,
				274D5C672B84176300B81746 /* ListRowItemView.swift */,
			);
			path = View;
			sourceTree = "<group>";
		};
		275ACCD92B7EB80500E7ACAC /* Extensions */ = {
			isa = PBXGroup;
			children = (
				27472C1B2B8192BD009FE5B4 /* HeightKeyboardEXT.swift */,
			);
			path = Extensions;
			sourceTree = "<group>";
		};
		275ACCDA2B7EB80800E7ACAC /* Utility */ = {
			isa = PBXGroup;
			children = (
				27472C172B81779F009FE5B4 /* Constant.swift */,
				27586B9A2B95C36300BC37F6 /* SoundPlayer.swift */,
			);
			path = Utility;
			sourceTree = "<group>";
		};
		275ACCDB2B7EB80C00E7ACAC /* Style */ = {
			isa = PBXGroup;
			children = (
				274D5C692B841BB300B81746 /* CheckboxStyle.swift */,
			);
			path = Style;
			sourceTree = "<group>";
		};
		275ACCDC2B7EB84000E7ACAC /* Model */ = {
			isa = PBXGroup;
			children = (
				27EC5D072B7EB5FB00A38B8B /* Persistence.swift */,
				27EC5D092B7EB5FB00A38B8B /* TaskGo.xcdatamodeld */,
			);
			path = Model;
			sourceTree = "<group>";
		};
		27EC5CF22B7EB5FA00A38B8B = {
			isa = PBXGroup;
			children = (
				27EC5CFD2B7EB5FA00A38B8B /* TaskGo */,
				27EC5CFC2B7EB5FA00A38B8B /* Products */,
			);
			sourceTree = "<group>";
		};
		27EC5CFC2B7EB5FA00A38B8B /* Products */ = {
			isa = PBXGroup;
			children = (
				27EC5CFB2B7EB5FA00A38B8B /* TaskGo.app */,
			);
			name = Products;
			sourceTree = "<group>";
		};
		27EC5CFD2B7EB5FA00A38B8B /* TaskGo */ = {
			isa = PBXGroup;
			children = (
				275ACCDD2B7EB8E000E7ACAC /* Info.plist */,
				27EC5CFE2B7EB5FA00A38B8B /* TaskGoApp.swift */,
				27EC5D022B7EB5FB00A38B8B /* Assets.xcassets */,
				275ACCDB2B7EB80C00E7ACAC /* Style */,
				275ACCDA2B7EB80800E7ACAC /* Utility */,
				275ACCD92B7EB80500E7ACAC /* Extensions */,
				275ACCD72B7EB7E700E7ACAC /* Sound */,
				275ACCD82B7EB7FA00E7ACAC /* View */,
				275ACCDC2B7EB84000E7ACAC /* Model */,
				27EC5D042B7EB5FB00A38B8B /* Preview Content */,
			);
			path = TaskGo;
			sourceTree = "<group>";
		};
		27EC5D042B7EB5FB00A38B8B /* Preview Content */ = {
			isa = PBXGroup;
			children = (
				27EC5D052B7EB5FB00A38B8B /* Preview Assets.xcassets */,
			);
			path = "Preview Content";
			sourceTree = "<group>";
		};
/* End PBXGroup section */

/* Begin PBXNativeTarget section */
		27EC5CFA2B7EB5FA00A38B8B /* TaskGo */ = {
			isa = PBXNativeTarget;
			buildConfigurationList = 27EC5D0E2B7EB5FB00A38B8B /* Build configuration list for PBXNativeTarget "TaskGo" */;
			buildPhases = (
				27EC5CF72B7EB5FA00A38B8B /* Sources */,
				27EC5CF82B7EB5FA00A38B8B /* Frameworks */,
				27EC5CF92B7EB5FA00A38B8B /* Resources */,
			);
			buildRules = (
			);
			dependencies = (
			);
			name = TaskGo;
			productName = TaskGo;
			productReference = 27EC5CFB2B7EB5FA00A38B8B /* TaskGo.app */;
			productType = "com.apple.product-type.application";
		};
/* End PBXNativeTarget section */

/* Begin PBXProject section */
		27EC5CF32B7EB5FA00A38B8B /* Project object */ = {
			isa = PBXProject;
			attributes = {
				BuildIndependentTargetsInParallel = 1;
				LastSwiftUpdateCheck = 1520;
				LastUpgradeCheck = 1520;
				TargetAttributes = {
					27EC5CFA2B7EB5FA00A38B8B = {
						CreatedOnToolsVersion = 15.2;
					};
				};
			};
			buildConfigurationList = 27EC5CF62B7EB5FA00A38B8B /* Build configuration list for PBXProject "TaskGo" */;
			compatibilityVersion = "Xcode 14.0";
			developmentRegion = en;
			hasScannedForEncodings = 0;
			knownRegions = (
				en,
				Base,
			);
			mainGroup = 27EC5CF22B7EB5FA00A38B8B;
			productRefGroup = 27EC5CFC2B7EB5FA00A38B8B /* Products */;
			projectDirPath = "";
			projectRoot = "";
			targets = (
				27EC5CFA2B7EB5FA00A38B8B /* TaskGo */,
			);
		};
/* End PBXProject section */

/* Begin PBXResourcesBuildPhase section */
		27EC5CF92B7EB5FA00A38B8B /* Resources */ = {
			isa = PBXResourcesBuildPhase;
			buildActionMask = 2147483647;
			files = (
				275ACCD62B7EB7BC00E7ACAC /* sound-rise.mp3 in Resources */,
				275ACCD52B7EB7BC00E7ACAC /* sound-ding.mp3 in Resources */,
				275ACCD42B7EB7BC00E7ACAC /* sound-tap.mp3 in Resources */,
				27EC5D062B7EB5FB00A38B8B /* Preview Assets.xcassets in Resources */,
				27EC5D032B7EB5FB00A38B8B /* Assets.xcassets in Resources */,
			);
			runOnlyForDeploymentPostprocessing = 0;
		};
/* End PBXResourcesBuildPhase section */

/* Begin PBXSourcesBuildPhase section */
		27EC5CF72B7EB5FA00A38B8B /* Sources */ = {
			isa = PBXSourcesBuildPhase;
			buildActionMask = 2147483647;
			files = (
				27EC5D0B2B7EB5FB00A38B8B /* TaskGo.xcdatamodeld in Sources */,
				27472C1E2B81A1E0009FE5B4 /* BackgroundImageView.swift in Sources */,
				27EC5D082B7EB5FB00A38B8B /* Persistence.swift in Sources */,
				27472C182B81779F009FE5B4 /* Constant.swift in Sources */,
				27E78FFE2B82D0F700C228F9 /* BlankView.swift in Sources */,
				27EC5D012B7EB5FA00A38B8B /* ContentView.swift in Sources */,
				274D5C682B84176300B81746 /* ListRowItemView.swift in Sources */,
				27EC5CFF2B7EB5FA00A38B8B /* TaskGoApp.swift in Sources */,
				27472C1C2B8192BD009FE5B4 /* HeightKeyboardEXT.swift in Sources */,
				274D5C6A2B841BB300B81746 /* CheckboxStyle.swift in Sources */,
				27586B9B2B95C36300BC37F6 /* SoundPlayer.swift in Sources */,
				27E78FFC2B82C7E200C228F9 /* NewTaskItemView.swift in Sources */,
			);
			runOnlyForDeploymentPostprocessing = 0;
		};
/* End PBXSourcesBuildPhase section */

/* Begin XCBuildConfiguration section */
		27EC5D0C2B7EB5FB00A38B8B /* Debug */ = {
			isa = XCBuildConfiguration;
			buildSettings = {
				ALWAYS_SEARCH_USER_PATHS = NO;
				ASSETCATALOG_COMPILER_GENERATE_SWIFT_ASSET_SYMBOL_EXTENSIONS = YES;
				CLANG_ANALYZER_NONNULL = YES;
				CLANG_ANALYZER_NUMBER_OBJECT_CONVERSION = YES_AGGRESSIVE;
				CLANG_CXX_LANGUAGE_STANDARD = "gnu++20";
				CLANG_ENABLE_MODULES = YES;
				CLANG_ENABLE_OBJC_ARC = YES;
				CLANG_ENABLE_OBJC_WEAK = YES;
				CLANG_WARN_BLOCK_CAPTURE_AUTORELEASING = YES;
				CLANG_WARN_BOOL_CONVERSION = YES;
				CLANG_WARN_COMMA = YES;
				CLANG_WARN_CONSTANT_CONVERSION = YES;
				CLANG_WARN_DEPRECATED_OBJC_IMPLEMENTATIONS = YES;
				CLANG_WARN_DIRECT_OBJC_ISA_USAGE = YES_ERROR;
				CLANG_WARN_DOCUMENTATION_COMMENTS = YES;
				CLANG_WARN_EMPTY_BODY = YES;
				CLANG_WARN_ENUM_CONVERSION = YES;
				CLANG_WARN_INFINITE_RECURSION = YES;
				CLANG_WARN_INT_CONVERSION = YES;
				CLANG_WARN_NON_LITERAL_NULL_CONVERSION = YES;
				CLANG_WARN_OBJC_IMPLICIT_RETAIN_SELF = YES;
				CLANG_WARN_OBJC_LITERAL_CONVERSION = YES;
				CLANG_WARN_OBJC_ROOT_CLASS = YES_ERROR;
				CLANG_WARN_QUOTED_INCLUDE_IN_FRAMEWORK_HEADER = YES;
				CLANG_WARN_RANGE_LOOP_ANALYSIS = YES;
				CLANG_WARN_STRICT_PROTOTYPES = YES;
				CLANG_WARN_SUSPICIOUS_MOVE = YES;
				CLANG_WARN_UNGUARDED_AVAILABILITY = YES_AGGRESSIVE;
				CLANG_WARN_UNREACHABLE_CODE = YES;
				CLANG_WARN__DUPLICATE_METHOD_MATCH = YES;
				COPY_PHASE_STRIP = NO;
				DEBUG_INFORMATION_FORMAT = dwarf;
				ENABLE_STRICT_OBJC_MSGSEND = YES;
				ENABLE_TESTABILITY = YES;
				ENABLE_USER_SCRIPT_SANDBOXING = YES;
				GCC_C_LANGUAGE_STANDARD = gnu17;
				GCC_DYNAMIC_NO_PIC = NO;
				GCC_NO_COMMON_BLOCKS = YES;
				GCC_OPTIMIZATION_LEVEL = 0;
				GCC_PREPROCESSOR_DEFINITIONS = (
					"DEBUG=1",
					"$(inherited)",
				);
				GCC_WARN_64_TO_32_BIT_CONVERSION = YES;
				GCC_WARN_ABOUT_RETURN_TYPE = YES_ERROR;
				GCC_WARN_UNDECLARED_SELECTOR = YES;
				GCC_WARN_UNINITIALIZED_AUTOS = YES_AGGRESSIVE;
				GCC_WARN_UNUSED_FUNCTION = YES;
				GCC_WARN_UNUSED_VARIABLE = YES;
				IPHONEOS_DEPLOYMENT_TARGET = 16.0;
				LOCALIZATION_PREFERS_STRING_CATALOGS = YES;
				MTL_ENABLE_DEBUG_INFO = INCLUDE_SOURCE;
				MTL_FAST_MATH = YES;
				ONLY_ACTIVE_ARCH = YES;
				SDKROOT = iphoneos;
				SWIFT_ACTIVE_COMPILATION_CONDITIONS = "DEBUG $(inherited)";
				SWIFT_OPTIMIZATION_LEVEL = "-Onone";
			};
			name = Debug;
		};
		27EC5D0D2B7EB5FB00A38B8B /* Release */ = {
			isa = XCBuildConfiguration;
			buildSettings = {
				ALWAYS_SEARCH_USER_PATHS = NO;
				ASSETCATALOG_COMPILER_GENERATE_SWIFT_ASSET_SYMBOL_EXTENSIONS = YES;
				CLANG_ANALYZER_NONNULL = YES;
				CLANG_ANALYZER_NUMBER_OBJECT_CONVERSION = YES_AGGRESSIVE;
				CLANG_CXX_LANGUAGE_STANDARD = "gnu++20";
				CLANG_ENABLE_MODULES = YES;
				CLANG_ENABLE_OBJC_ARC = YES;
				CLANG_ENABLE_OBJC_WEAK = YES;
				CLANG_WARN_BLOCK_CAPTURE_AUTORELEASING = YES;
				CLANG_WARN_BOOL_CONVERSION = YES;
				CLANG_WARN_COMMA = YES;
				CLANG_WARN_CONSTANT_CONVERSION = YES;
				CLANG_WARN_DEPRECATED_OBJC_IMPLEMENTATIONS = YES;
				CLANG_WARN_DIRECT_OBJC_ISA_USAGE = YES_ERROR;
				CLANG_WARN_DOCUMENTATION_COMMENTS = YES;
				CLANG_WARN_EMPTY_BODY = YES;
				CLANG_WARN_ENUM_CONVERSION = YES;
				CLANG_WARN_INFINITE_RECURSION = YES;
				CLANG_WARN_INT_CONVERSION = YES;
				CLANG_WARN_NON_LITERAL_NULL_CONVERSION = YES;
				CLANG_WARN_OBJC_IMPLICIT_RETAIN_SELF = YES;
				CLANG_WARN_OBJC_LITERAL_CONVERSION = YES;
				CLANG_WARN_OBJC_ROOT_CLASS = YES_ERROR;
				CLANG_WARN_QUOTED_INCLUDE_IN_FRAMEWORK_HEADER = YES;
				CLANG_WARN_RANGE_LOOP_ANALYSIS = YES;
				CLANG_WARN_STRICT_PROTOTYPES = YES;
				CLANG_WARN_SUSPICIOUS_MOVE = YES;
				CLANG_WARN_UNGUARDED_AVAILABILITY = YES_AGGRESSIVE;
				CLANG_WARN_UNREACHABLE_CODE = YES;
				CLANG_WARN__DUPLICATE_METHOD_MATCH = YES;
				COPY_PHASE_STRIP = NO;
				DEBUG_INFORMATION_FORMAT = "dwarf-with-dsym";
				ENABLE_NS_ASSERTIONS = NO;
				ENABLE_STRICT_OBJC_MSGSEND = YES;
				ENABLE_USER_SCRIPT_SANDBOXING = YES;
				GCC_C_LANGUAGE_STANDARD = gnu17;
				GCC_NO_COMMON_BLOCKS = YES;
				GCC_WARN_64_TO_32_BIT_CONVERSION = YES;
				GCC_WARN_ABOUT_RETURN_TYPE = YES_ERROR;
				GCC_WARN_UNDECLARED_SELECTOR = YES;
				GCC_WARN_UNINITIALIZED_AUTOS = YES_AGGRESSIVE;
				GCC_WARN_UNUSED_FUNCTION = YES;
				GCC_WARN_UNUSED_VARIABLE = YES;
				IPHONEOS_DEPLOYMENT_TARGET = 16.0;
				LOCALIZATION_PREFERS_STRING_CATALOGS = YES;
				MTL_ENABLE_DEBUG_INFO = NO;
				MTL_FAST_MATH = YES;
				SDKROOT = iphoneos;
				SWIFT_COMPILATION_MODE = wholemodule;
				VALIDATE_PRODUCT = YES;
			};
			name = Release;
		};
		27EC5D0F2B7EB5FB00A38B8B /* Debug */ = {
			isa = XCBuildConfiguration;
			buildSettings = {
				ASSETCATALOG_COMPILER_APPICON_NAME = AppIcon;
				ASSETCATALOG_COMPILER_GLOBAL_ACCENT_COLOR_NAME = AccentColor;
				CODE_SIGN_STYLE = Automatic;
				CURRENT_PROJECT_VERSION = 1;
				DEVELOPMENT_ASSET_PATHS = "\"TaskGo/Preview Content\"";
				DEVELOPMENT_TEAM = B6A7UUWXVV;
				ENABLE_PREVIEWS = YES;
				GENERATE_INFOPLIST_FILE = YES;
				INFOPLIST_FILE = TaskGo/Info.plist;
				INFOPLIST_KEY_UIApplicationSceneManifest_Generation = YES;
				INFOPLIST_KEY_UIApplicationSupportsIndirectInputEvents = YES;
				INFOPLIST_KEY_UISupportedInterfaceOrientations = UIInterfaceOrientationPortrait;
				INFOPLIST_KEY_UISupportedInterfaceOrientations_iPad = "UIInterfaceOrientationLandscapeLeft UIInterfaceOrientationLandscapeRight UIInterfaceOrientationPortrait UIInterfaceOrientationPortraitUpsideDown";
				LD_RUNPATH_SEARCH_PATHS = (
					"$(inherited)",
					"@executable_path/Frameworks",
				);
				MARKETING_VERSION = 1.0;
				PRODUCT_BUNDLE_IDENTIFIER = com.amin.TaskGo;
				PRODUCT_NAME = "$(TARGET_NAME)";
				SWIFT_EMIT_LOC_STRINGS = YES;
				SWIFT_VERSION = 5.0;
				TARGETED_DEVICE_FAMILY = "1,2";
			};
			name = Debug;
		};
		27EC5D102B7EB5FB00A38B8B /* Release */ = {
			isa = XCBuildConfiguration;
			buildSettings = {
				ASSETCATALOG_COMPILER_APPICON_NAME = AppIcon;
				ASSETCATALOG_COMPILER_GLOBAL_ACCENT_COLOR_NAME = AccentColor;
				CODE_SIGN_STYLE = Automatic;
				CURRENT_PROJECT_VERSION = 1;
				DEVELOPMENT_ASSET_PATHS = "\"TaskGo/Preview Content\"";
				DEVELOPMENT_TEAM = B6A7UUWXVV;
				ENABLE_PREVIEWS = YES;
				GENERATE_INFOPLIST_FILE = YES;
				INFOPLIST_FILE = TaskGo/Info.plist;
				INFOPLIST_KEY_UIApplicationSceneManifest_Generation = YES;
				INFOPLIST_KEY_UIApplicationSupportsIndirectInputEvents = YES;
				INFOPLIST_KEY_UISupportedInterfaceOrientations = UIInterfaceOrientationPortrait;
				INFOPLIST_KEY_UISupportedInterfaceOrientations_iPad = "UIInterfaceOrientationLandscapeLeft UIInterfaceOrientationLandscapeRight UIInterfaceOrientationPortrait UIInterfaceOrientationPortraitUpsideDown";
				LD_RUNPATH_SEARCH_PATHS = (
					"$(inherited)",
					"@executable_path/Frameworks",
				);
				MARKETING_VERSION = 1.0;
				PRODUCT_BUNDLE_IDENTIFIER = com.amin.TaskGo;
				PRODUCT_NAME = "$(TARGET_NAME)";
				SWIFT_EMIT_LOC_STRINGS = YES;
				SWIFT_VERSION = 5.0;
				TARGETED_DEVICE_FAMILY = "1,2";
			};
			name = Release;
		};
/* End XCBuildConfiguration section */

/* Begin XCConfigurationList section */
		27EC5CF62B7EB5FA00A38B8B /* Build configuration list for PBXProject "TaskGo" */ = {
			isa = XCConfigurationList;
			buildConfigurations = (
				27EC5D0C2B7EB5FB00A38B8B /* Debug */,
				27EC5D0D2B7EB5FB00A38B8B /* Release */,
			);
			defaultConfigurationIsVisible = 0;
			defaultConfigurationName = Release;
		};
		27EC5D0E2B7EB5FB00A38B8B /* Build configuration list for PBXNativeTarget "TaskGo" */ = {
			isa = XCConfigurationList;
			buildConfigurations = (
				27EC5D0F2B7EB5FB00A38B8B /* Debug */,
				27EC5D102B7EB5FB00A38B8B /* Release */,
			);
			defaultConfigurationIsVisible = 0;
			defaultConfigurationName = Release;
		};
/* End XCConfigurationList section */

/* Begin XCVersionGroup section */
		27EC5D092B7EB5FB00A38B8B /* TaskGo.xcdatamodeld */ = {
			isa = XCVersionGroup;
			children = (
				27EC5D0A2B7EB5FB00A38B8B /* TaskGo.xcdatamodel */,
			);
			currentVersion = 27EC5D0A2B7EB5FB00A38B8B /* TaskGo.xcdatamodel */;
			path = TaskGo.xcdatamodeld;
			sourceTree = "<group>";
			versionGroupType = wrapper.xcdatamodel;
		};
/* End XCVersionGroup section */
	};
	rootObject = 27EC5CF32B7EB5FA00A38B8B /* Project object */;
}
